Microsoft Visual Studio Solution File, Format Version 12.00
# Visual Studio Version 17
VisualStudioVersion = 17.5.2.0
MinimumVisualStudioVersion = 10.0.40219.1
Project("{FAE04EC0-301F-11D3-BF4B-00C04F79EFBC}") = "tecnical-test-target-sistemas", "tecnical-test-target-sistemas.csproj", "{5962ACA5-B1DE-0E44-417E-CE324FD381EB}"
EndProject
Global
	GlobalSection(SolutionConfigurationPlatforms) = preSolution
		Debug|Any CPU = Debug|Any CPU
		Release|Any CPU = Release|Any CPU
	EndGlobalSection
	GlobalSection(ProjectConfigurationPlatforms) = postSolution
		{5962ACA5-B1DE-0E44-417E-CE324FD381EB}.Debug|Any CPU.ActiveCfg = Debug|Any CPU
		{5962ACA5-B1DE-0E44-417E-CE324FD381EB}.Debug|Any CPU.Build.0 = Debug|Any CPU
		{5962ACA5-B1DE-0E44-417E-CE324FD381EB}.Release|Any CPU.ActiveCfg = Release|Any CPU
		{5962ACA5-B1DE-0E44-417E-CE324FD381EB}.Release|Any CPU.Build.0 = Release|Any CPU
	EndGlobalSection
	GlobalSection(SolutionProperties) = preSolution
		HideSolutionNode = FALSE
	EndGlobalSection
	GlobalSection(ExtensibilityGlobals) = postSolution
		SolutionGuid = {EEAF47DB-59B4-4CF7-8C31-963F117EB2C4}
	EndGlobalSection
EndGlobal
